
Microsoft Visual Studio Solution File, Format Version 12.00
# Visual Studio 15
VisualStudioVersion = 15.0.28307.705
MinimumVisualStudioVersion = 10.0.40219.1
Project("{FAE04EC0-301F-11D3-BF4B-00C04F79EFBC}") = "WCFTestClient", "WCFTestClient\WCFTestClient.csproj", "{BED28753-B747-4A70-986A-4207041C7176}"
EndProject
Project("{FAE04EC0-301F-11D3-BF4B-00C04F79EFBC}") = "SalesForceUtility", "SalesForceUtility\SalesForceUtility.csproj", "{EACBC89B-8FAD-46EB-A63B-67D4C7CB23B8}"
EndProject
Global
	GlobalSection(SolutionConfigurationPlatforms) = preSolution
		Debug|Any CPU = Debug|Any CPU
		Release|Any CPU = Release|Any CPU
	EndGlobalSection
	GlobalSection(ProjectConfigurationPlatforms) = postSolution
		{BED28753-B747-4A70-986A-4207041C7176}.Debug|Any CPU.ActiveCfg = Debug|Any CPU
		{BED28753-B747-4A70-986A-4207041C7176}.Debug|Any CPU.Build.0 = Debug|Any CPU
		{BED28753-B747-4A70-986A-4207041C7176}.Release|Any CPU.ActiveCfg = Release|Any CPU
		{BED28753-B747-4A70-986A-4207041C7176}.Release|Any CPU.Build.0 = Release|Any CPU
		{EACBC89B-8FAD-46EB-A63B-67D4C7CB23B8}.Debug|Any CPU.ActiveCfg = Debug|Any CPU
		{EACBC89B-8FAD-46EB-A63B-67D4C7CB23B8}.Debug|Any CPU.Build.0 = Debug|Any CPU
		{EACBC89B-8FAD-46EB-A63B-67D4C7CB23B8}.Release|Any CPU.ActiveCfg = Release|Any CPU
		{EACBC89B-8FAD-46EB-A63B-67D4C7CB23B8}.Release|Any CPU.Build.0 = Release|Any CPU
	EndGlobalSection
	GlobalSection(SolutionProperties) = preSolution
		HideSolutionNode = FALSE
	EndGlobalSection
	GlobalSection(ExtensibilityGlobals) = postSolution
		SolutionGuid = {BC9A7700-6DAE-4E41-B4F0-D8A09C91A0E3}
	EndGlobalSection
EndGlobal
