
Microsoft Visual Studio Solution File, Format Version 11.00
# Visual Studio 2010
Project("{FAE04EC0-301F-11D3-BF4B-00C04F79EFBC}") = "EmbedAuthoringControl", "EmbedAuthoringControl.csproj", "{B8087F06-6028-4B56-9358-63503672B676}"
EndProject
Global
	GlobalSection(SolutionConfigurationPlatforms) = preSolution
		Debug|x86 = Debug|x86
		Release|x86 = Release|x86
	EndGlobalSection
	GlobalSection(ProjectConfigurationPlatforms) = postSolution
		{B8087F06-6028-4B56-9358-63503672B676}.Debug|x86.ActiveCfg = Debug|x86
		{B8087F06-6028-4B56-9358-63503672B676}.Debug|x86.Build.0 = Debug|x86
		{B8087F06-6028-4B56-9358-63503672B676}.Release|x86.ActiveCfg = Release|x86
		{B8087F06-6028-4B56-9358-63503672B676}.Release|x86.Build.0 = Release|x86
	EndGlobalSection
	GlobalSection(SolutionProperties) = preSolution
		HideSolutionNode = FALSE
	EndGlobalSection
EndGlobal
