
Microsoft Visual Studio Solution File, Format Version 11.00
# Visual Studio 2010
Project("{FAE04EC0-301F-11D3-BF4B-00C04F79EFBC}") = "AddCollectionMembers", "AddCollectionMembers.csproj", "{F5243E27-BDCB-43E0-A691-76BE0B58E88A}"
EndProject
Global
	GlobalSection(SolutionConfigurationPlatforms) = preSolution
		Debug|x86 = Debug|x86
		Release|x86 = Release|x86
	EndGlobalSection
	GlobalSection(ProjectConfigurationPlatforms) = postSolution
		{F5243E27-BDCB-43E0-A691-76BE0B58E88A}.Debug|x86.ActiveCfg = Debug|x86
		{F5243E27-BDCB-43E0-A691-76BE0B58E88A}.Debug|x86.Build.0 = Debug|x86
		{F5243E27-BDCB-43E0-A691-76BE0B58E88A}.Release|x86.ActiveCfg = Release|x86
		{F5243E27-BDCB-43E0-A691-76BE0B58E88A}.Release|x86.Build.0 = Release|x86
	EndGlobalSection
	GlobalSection(SolutionProperties) = preSolution
		HideSolutionNode = FALSE
	EndGlobalSection
EndGlobal
