
Microsoft Visual Studio Solution File, Format Version 12.00
# Visual Studio Version 17
VisualStudioVersion = 17.0.32126.317
MinimumVisualStudioVersion = 10.0.40219.1
Project("{FAE04EC0-301F-11D3-BF4B-00C04F79EFBC}") = "RuntimeOverridesViaSdk", "RuntimeOverridesViaSdk\RuntimeOverridesViaSdk.csproj", "{5E9273F5-548A-4813-9499-5201B2160060}"
EndProject
Project("{FAE04EC0-301F-11D3-BF4B-00C04F79EFBC}") = "RuntimeOverridesViaConfig", "RuntimeOverridesViaConfig\RuntimeOverridesViaConfig.csproj", "{AD7153D5-AD79-4928-AF2E-41CCAD584EE5}"
EndProject
Project("{2150E333-8FDC-42A3-9474-1A3956D46DE8}") = "Solution Items", "Solution Items", "{55B8A9D2-B845-469F-B26D-EAAB2866E33F}"
	ProjectSection(SolutionItems) = preProject
		README.md = README.md
	EndProjectSection
EndProject
Global
	GlobalSection(SolutionConfigurationPlatforms) = preSolution
		Debug|Any CPU = Debug|Any CPU
		Release|Any CPU = Release|Any CPU
	EndGlobalSection
	GlobalSection(ProjectConfigurationPlatforms) = postSolution
		{5E9273F5-548A-4813-9499-5201B2160060}.Debug|Any CPU.ActiveCfg = Debug|Any CPU
		{5E9273F5-548A-4813-9499-5201B2160060}.Debug|Any CPU.Build.0 = Debug|Any CPU
		{5E9273F5-548A-4813-9499-5201B2160060}.Release|Any CPU.ActiveCfg = Release|Any CPU
		{5E9273F5-548A-4813-9499-5201B2160060}.Release|Any CPU.Build.0 = Release|Any CPU
		{AD7153D5-AD79-4928-AF2E-41CCAD584EE5}.Debug|Any CPU.ActiveCfg = Debug|Any CPU
		{AD7153D5-AD79-4928-AF2E-41CCAD584EE5}.Debug|Any CPU.Build.0 = Debug|Any CPU
		{AD7153D5-AD79-4928-AF2E-41CCAD584EE5}.Release|Any CPU.ActiveCfg = Release|Any CPU
		{AD7153D5-AD79-4928-AF2E-41CCAD584EE5}.Release|Any CPU.Build.0 = Release|Any CPU
	EndGlobalSection
	GlobalSection(SolutionProperties) = preSolution
		HideSolutionNode = FALSE
	EndGlobalSection
	GlobalSection(ExtensibilityGlobals) = postSolution
		SolutionGuid = {FCBB9BA7-F634-45F4-9797-72E3AA9A6F7A}
	EndGlobalSection
EndGlobal
