
Microsoft Visual Studio Solution File, Format Version 12.00
# Visual Studio Version 17
VisualStudioVersion = 17.9.34723.18
MinimumVisualStudioVersion = 10.0.40219.1
Project("{FAE04EC0-301F-11D3-BF4B-00C04F79EFBC}") = "ExecuteTests", "ExecuteTests\ExecuteTests.csproj", "{9ABF0D22-46AD-49DE-B122-3180FDA2F391}"
EndProject
Project("{FAE04EC0-301F-11D3-BF4B-00C04F79EFBC}") = "PromoteRuleApp", "PromoteRuleApp\PromoteRuleApp.csproj", "{5C359A0B-E3BE-429A-B2A9-5F03155AD6A2}"
EndProject
Project("{FAE04EC0-301F-11D3-BF4B-00C04F79EFBC}") = "BuildIrJsRuleApp", "BuildIrJsRuleApp\BuildIrJsRuleApp.csproj", "{085122EE-AEC5-4415-9753-BA33E0EC2D96}"
EndProject
Global
	GlobalSection(SolutionConfigurationPlatforms) = preSolution
		Debug|Any CPU = Debug|Any CPU
		Release|Any CPU = Release|Any CPU
	EndGlobalSection
	GlobalSection(ProjectConfigurationPlatforms) = postSolution
		{9ABF0D22-46AD-49DE-B122-3180FDA2F391}.Debug|Any CPU.ActiveCfg = Debug|Any CPU
		{9ABF0D22-46AD-49DE-B122-3180FDA2F391}.Debug|Any CPU.Build.0 = Debug|Any CPU
		{9ABF0D22-46AD-49DE-B122-3180FDA2F391}.Release|Any CPU.ActiveCfg = Release|Any CPU
		{9ABF0D22-46AD-49DE-B122-3180FDA2F391}.Release|Any CPU.Build.0 = Release|Any CPU
		{5C359A0B-E3BE-429A-B2A9-5F03155AD6A2}.Debug|Any CPU.ActiveCfg = Debug|Any CPU
		{5C359A0B-E3BE-429A-B2A9-5F03155AD6A2}.Debug|Any CPU.Build.0 = Debug|Any CPU
		{5C359A0B-E3BE-429A-B2A9-5F03155AD6A2}.Release|Any CPU.ActiveCfg = Release|Any CPU
		{5C359A0B-E3BE-429A-B2A9-5F03155AD6A2}.Release|Any CPU.Build.0 = Release|Any CPU
		{085122EE-AEC5-4415-9753-BA33E0EC2D96}.Debug|Any CPU.ActiveCfg = Debug|Any CPU
		{085122EE-AEC5-4415-9753-BA33E0EC2D96}.Debug|Any CPU.Build.0 = Debug|Any CPU
		{085122EE-AEC5-4415-9753-BA33E0EC2D96}.Release|Any CPU.ActiveCfg = Release|Any CPU
		{085122EE-AEC5-4415-9753-BA33E0EC2D96}.Release|Any CPU.Build.0 = Release|Any CPU
	EndGlobalSection
	GlobalSection(SolutionProperties) = preSolution
		HideSolutionNode = FALSE
	EndGlobalSection
	GlobalSection(ExtensibilityGlobals) = postSolution
		SolutionGuid = {B5723BBE-B898-46F7-A7D8-9434269D523E}
	EndGlobalSection
EndGlobal
