
Microsoft Visual Studio Solution File, Format Version 12.00
# Visual Studio 15
VisualStudioVersion = 15.0.28010.2003
MinimumVisualStudioVersion = 10.0.40219.1
Project("{FAE04EC0-301F-11D3-BF4B-00C04F79EFBC}") = "LibraryLoggerSampleApp", "LoggerApp\LibraryLoggerSampleApp.csproj", "{78C8857E-98BC-4816-8D6A-2D6AEF47C63B}"
EndProject
Global
	GlobalSection(SolutionConfigurationPlatforms) = preSolution
		Debug|Any CPU = Debug|Any CPU
		Release|Any CPU = Release|Any CPU
	EndGlobalSection
	GlobalSection(ProjectConfigurationPlatforms) = postSolution
		{78C8857E-98BC-4816-8D6A-2D6AEF47C63B}.Debug|Any CPU.ActiveCfg = Debug|Any CPU
		{78C8857E-98BC-4816-8D6A-2D6AEF47C63B}.Debug|Any CPU.Build.0 = Debug|Any CPU
		{78C8857E-98BC-4816-8D6A-2D6AEF47C63B}.Release|Any CPU.ActiveCfg = Release|Any CPU
		{78C8857E-98BC-4816-8D6A-2D6AEF47C63B}.Release|Any CPU.Build.0 = Release|Any CPU
	EndGlobalSection
	GlobalSection(SolutionProperties) = preSolution
		HideSolutionNode = FALSE
	EndGlobalSection
	GlobalSection(ExtensibilityGlobals) = postSolution
		SolutionGuid = {285C63FF-270F-417E-89C9-0D032F198155}
	EndGlobalSection
EndGlobal
